
Microsoft Visual Studio Solution File, Format Version 12.00
# Visual Studio 15
VisualStudioVersion = 15.0.28307.705
MinimumVisualStudioVersion = 10.0.40219.1
Project("{159641D6-6404-4A2A-AE62-294DE0FE8301}") = "SSDT1", "SSDT1\SSDT1.dtproj", "{0B7A8DF2-1965-4D0B-A650-721DAD11A980}"
EndProject
Project("{FAE04EC0-301F-11D3-BF4B-00C04F79EFBC}") = "Run_SSIS_Package", "WindowsFormsApp1\Run_SSIS_Package.csproj", "{CB4B8DDA-5639-4DBB-A09F-FE42F2F5A982}"
EndProject
Global
	GlobalSection(SolutionConfigurationPlatforms) = preSolution
		Debug|Any CPU = Debug|Any CPU
		Development|Any CPU = Development|Any CPU
		Release|Any CPU = Release|Any CPU
	EndGlobalSection
	GlobalSection(ProjectConfigurationPlatforms) = postSolution
		{0B7A8DF2-1965-4D0B-A650-721DAD11A980}.Debug|Any CPU.ActiveCfg = Development
		{0B7A8DF2-1965-4D0B-A650-721DAD11A980}.Debug|Any CPU.Build.0 = Development
		{0B7A8DF2-1965-4D0B-A650-721DAD11A980}.Development|Any CPU.ActiveCfg = Development
		{0B7A8DF2-1965-4D0B-A650-721DAD11A980}.Development|Any CPU.Build.0 = Development
		{0B7A8DF2-1965-4D0B-A650-721DAD11A980}.Release|Any CPU.ActiveCfg = Development
		{0B7A8DF2-1965-4D0B-A650-721DAD11A980}.Release|Any CPU.Build.0 = Development
		{CB4B8DDA-5639-4DBB-A09F-FE42F2F5A982}.Debug|Any CPU.ActiveCfg = Debug|Any CPU
		{CB4B8DDA-5639-4DBB-A09F-FE42F2F5A982}.Debug|Any CPU.Build.0 = Debug|Any CPU
		{CB4B8DDA-5639-4DBB-A09F-FE42F2F5A982}.Development|Any CPU.ActiveCfg = Debug|Any CPU
		{CB4B8DDA-5639-4DBB-A09F-FE42F2F5A982}.Development|Any CPU.Build.0 = Debug|Any CPU
		{CB4B8DDA-5639-4DBB-A09F-FE42F2F5A982}.Release|Any CPU.ActiveCfg = Release|Any CPU
		{CB4B8DDA-5639-4DBB-A09F-FE42F2F5A982}.Release|Any CPU.Build.0 = Release|Any CPU
	EndGlobalSection
	GlobalSection(SolutionProperties) = preSolution
		HideSolutionNode = FALSE
	EndGlobalSection
	GlobalSection(ExtensibilityGlobals) = postSolution
		SolutionGuid = {E7620567-A359-4866-863C-9DA59AC7E821}
	EndGlobalSection
EndGlobal
